
Microsoft Visual Studio Solution File, Format Version 12.00
# Visual Studio Version 17
VisualStudioVersion = 17.8.34511.84
MinimumVisualStudioVersion = 10.0.40219.1
Project("{9A19103F-16F7-4668-BE54-9A1E7A4F7556}") = "MathMaker", "MathMaker.csproj", "{4D1CECBC-1AF8-40CE-808A-D4EF5FC828E5}"
EndProject
Project("{9A19103F-16F7-4668-BE54-9A1E7A4F7556}") = "TestApp", "..\TestApp\TestApp.csproj", "{C39D7690-CE59-44A7-961E-47669CFA58F3}"
EndProject
Project("{FAE04EC0-301F-11D3-BF4B-00C04F79EFBC}") = "MathMakerDesktop", "..\MathMakerDesktop\MathMakerDesktop.csproj", "{21A0A284-9A41-44BD-84B6-0416E081FCCF}"
EndProject
Global
	GlobalSection(SolutionConfigurationPlatforms) = preSolution
		Debug|Any CPU = Debug|Any CPU
		Release|Any CPU = Release|Any CPU
	EndGlobalSection
	GlobalSection(ProjectConfigurationPlatforms) = postSolution
		{4D1CECBC-1AF8-40CE-808A-D4EF5FC828E5}.Debug|Any CPU.ActiveCfg = Debug|Any CPU
		{4D1CECBC-1AF8-40CE-808A-D4EF5FC828E5}.Debug|Any CPU.Build.0 = Debug|Any CPU
		{4D1CECBC-1AF8-40CE-808A-D4EF5FC828E5}.Release|Any CPU.ActiveCfg = Release|Any CPU
		{4D1CECBC-1AF8-40CE-808A-D4EF5FC828E5}.Release|Any CPU.Build.0 = Release|Any CPU
		{C39D7690-CE59-44A7-961E-47669CFA58F3}.Debug|Any CPU.ActiveCfg = Debug|Any CPU
		{C39D7690-CE59-44A7-961E-47669CFA58F3}.Debug|Any CPU.Build.0 = Debug|Any CPU
		{C39D7690-CE59-44A7-961E-47669CFA58F3}.Release|Any CPU.ActiveCfg = Release|Any CPU
		{C39D7690-CE59-44A7-961E-47669CFA58F3}.Release|Any CPU.Build.0 = Release|Any CPU
		{21A0A284-9A41-44BD-84B6-0416E081FCCF}.Debug|Any CPU.ActiveCfg = Debug|Any CPU
		{21A0A284-9A41-44BD-84B6-0416E081FCCF}.Debug|Any CPU.Build.0 = Debug|Any CPU
		{21A0A284-9A41-44BD-84B6-0416E081FCCF}.Release|Any CPU.ActiveCfg = Release|Any CPU
		{21A0A284-9A41-44BD-84B6-0416E081FCCF}.Release|Any CPU.Build.0 = Release|Any CPU
	EndGlobalSection
	GlobalSection(SolutionProperties) = preSolution
		HideSolutionNode = FALSE
	EndGlobalSection
	GlobalSection(ExtensibilityGlobals) = postSolution
		SolutionGuid = {014BB022-0FA8-4BA4-A0CC-5A12574E4B4C}
	EndGlobalSection
EndGlobal
